{
  "name": "test-install",
  "version": "1.0.0",
  "lockfileVersion": 3,
  "requires": true,
  "packages": {
    "": {
      "name": "test-install",
      "version": "1.0.0",
      "license": "ISC",
      "dependencies": {
        "@fabiancienc/atoms-button-primary": "^1.0.1",
        "@fabiancienc/atoms-buttons": "^1.0.2",
        "@fabiancienc/organisms-header": "^1.0.0",
        "uvu": "^0.5.6"
      }
    },
    "node_modules/@fabiancienc/atoms-button-ghost": {
      "version": "1.0.0",
      "resolved": "https://npm.pkg.github.com/download/@fabiancienc/atoms-button-ghost/1.0.0/41a14f5b0e842bc915e44d20ac09c89c37a6fb03",
      "integrity": "sha512-E5tA9q6MC08PJq0dKtCw0n2xwFxMjZkobn8cdRH4wpCZY9bsb5b8/bPhoz+8syPb604J1sKaqpudS9FJ+0Y6Eg==",
      "peerDependencies": {
        "react": "^18.0.0"
      }
    },
    "node_modules/@fabiancienc/atoms-button-primary": {
      "version": "1.0.1",
      "resolved": "https://npm.pkg.github.com/download/@fabiancienc/atoms-button-primary/1.0.1/135a702457d8fbf93129f1ee5cf3d52ad2c60653",
      "integrity": "sha512-mUOts0QiraYgKWBPZ2sXFAfxArJFSOcVDAewLz0kdYN1GqsA19ixCfZZfP6Avw2MCYhU0Xu4QXhD2XTyJWScqQ==",
      "peerDependencies": {
        "react": "^18.0.0"
      }
    },
    "node_modules/@fabiancienc/atoms-button-secondary": {
      "version": "1.0.0",
      "resolved": "https://npm.pkg.github.com/download/@fabiancienc/atoms-button-secondary/1.0.0/0a0a66743de2897ed3e87f9ec57352ca8f664ff2",
      "integrity": "sha512-hNKX+YHJF1jPVgZUImbWmcJYeBNhp7EWGYS4bEb9O4I5XSvVPlNPXI22DjT6PJWD5mHx4zy1LR8Z0OEwtC44Fw==",
      "peerDependencies": {
        "react": "^18.0.0"
      }
    },
    "node_modules/@fabiancienc/atoms-buttons": {
      "version": "1.0.2",
      "resolved": "https://npm.pkg.github.com/download/@fabiancienc/atoms-buttons/1.0.2/9dd51eb7ef2224f45b55a3b2e99f5cc5c098ad87",
      "integrity": "sha512-qNUL+i5jZ5eJuFHl0gfdt96vB2k6kU+VZ9kuQXq8nTRagnHcuXTI0cG4jUSrrrz15UwrfGApnT0sK8rf6DlSOg==",
      "dependencies": {
        "@fabiancienc/atoms-button-ghost": "^1.0.0",
        "@fabiancienc/atoms-button-primary": "^1.0.0",
        "@fabiancienc/atoms-button-secondary": "^1.0.0"
      }
    },
    "node_modules/@fabiancienc/organisms-header": {
      "version": "1.0.0",
      "resolved": "https://npm.pkg.github.com/download/@fabiancienc/organisms-header/1.0.0/4802b56dde5208cc3a32011145af84ef48eed797",
      "integrity": "sha512-Xkc3Mp8QSwbYqyz8OKhzbGlIIz+FZJdaqdJhsSTbZECCcOz3OBicnM0wxxHjHQth6lF7k/FACxzRP5PNWpBsvw==",
      "dependencies": {
        "@fabiancienc/atoms-button-ghost": "^1.0.0"
      },
      "peerDependencies": {
        "react": "^18.0.0"
      }
    },
    "node_modules/dequal": {
      "version": "2.0.3",
      "resolved": "https://registry.npmjs.org/dequal/-/dequal-2.0.3.tgz",
      "integrity": "sha512-0je+qPKHEMohvfRTCEo3CrPG6cAzAYgmzKyxRiYSSDkS6eGJdyVJm7WaYA5ECaAD9wLB2T4EEeymA5aFVcYXCA==",
      "license": "MIT",
      "engines": {
        "node": ">=6"
      }
    },
    "node_modules/diff": {
      "version": "5.2.0",
      "resolved": "https://registry.npmjs.org/diff/-/diff-5.2.0.tgz",
      "integrity": "sha512-uIFDxqpRZGZ6ThOk84hEfqWoHx2devRFvpTZcTHur85vImfaxUbTW9Ryh4CpCuDnToOP1CEtXKIgytHBPVff5A==",
      "license": "BSD-3-Clause",
      "engines": {
        "node": ">=0.3.1"
      }
    },
    "node_modules/js-tokens": {
      "version": "4.0.0",
      "resolved": "https://registry.npmjs.org/js-tokens/-/js-tokens-4.0.0.tgz",
      "integrity": "sha512-RdJUflcE3cUzKiMqQgsCu06FPu9UdIJO0beYbPhHN4k6apgJtifcoCtT9bcxOpYBtpD2kCM6Sbzg4CausW/PKQ==",
      "license": "MIT",
      "peer": true
    },
    "node_modules/kleur": {
      "version": "4.1.5",
      "resolved": "https://registry.npmjs.org/kleur/-/kleur-4.1.5.tgz",
      "integrity": "sha512-o+NO+8WrRiQEE4/7nwRJhN1HWpVmJm511pBHUxPLtp0BUISzlBplORYSmTclCnJvQq2tKu/sgl3xVpkc7ZWuQQ==",
      "license": "MIT",
      "engines": {
        "node": ">=6"
      }
    },
    "node_modules/loose-envify": {
      "version": "1.4.0",
      "resolved": "https://registry.npmjs.org/loose-envify/-/loose-envify-1.4.0.tgz",
      "integrity": "sha512-lyuxPGr/Wfhrlem2CL/UcnUc1zcqKAImBDzukY7Y5F/yQiNdko6+fRLevlw1HgMySw7f611UIY408EtxRSoK3Q==",
      "license": "MIT",
      "peer": true,
      "dependencies": {
        "js-tokens": "^3.0.0 || ^4.0.0"
      },
      "bin": {
        "loose-envify": "cli.js"
      }
    },
    "node_modules/mri": {
      "version": "1.2.0",
      "resolved": "https://registry.npmjs.org/mri/-/mri-1.2.0.tgz",
      "integrity": "sha512-tzzskb3bG8LvYGFF/mDTpq3jpI6Q9wc3LEmBaghu+DdCssd1FakN7Bc0hVNmEyGq1bq3RgfkCb3cmQLpNPOroA==",
      "license": "MIT",
      "engines": {
        "node": ">=4"
      }
    },
    "node_modules/react": {
      "version": "18.3.1",
      "resolved": "https://registry.npmjs.org/react/-/react-18.3.1.tgz",
      "integrity": "sha512-wS+hAgJShR0KhEvPJArfuPVN1+Hz1t0Y6n5jLrGQbkb4urgPE/0Rve+1kMB1v/oWgHgm4WIcV+i7F2pTVj+2iQ==",
      "license": "MIT",
      "peer": true,
      "dependencies": {
        "loose-envify": "^1.1.0"
      },
      "engines": {
        "node": ">=0.10.0"
      }
    },
    "node_modules/sade": {
      "version": "1.8.1",
      "resolved": "https://registry.npmjs.org/sade/-/sade-1.8.1.tgz",
      "integrity": "sha512-xal3CZX1Xlo/k4ApwCFrHVACi9fBqJ7V+mwhBsuf/1IOKbBy098Fex+Wa/5QMubw09pSZ/u8EY8PWgevJsXp1A==",
      "license": "MIT",
      "dependencies": {
        "mri": "^1.1.0"
      },
      "engines": {
        "node": ">=6"
      }
    },
    "node_modules/uvu": {
      "version": "0.5.6",
      "resolved": "https://registry.npmjs.org/uvu/-/uvu-0.5.6.tgz",
      "integrity": "sha512-+g8ENReyr8YsOc6fv/NVJs2vFdHBnBNdfE49rshrTzDWOlUx4Gq7KOS2GD8eqhy2j+Ejq29+SbKH8yjkAqXqoA==",
      "license": "MIT",
      "dependencies": {
        "dequal": "^2.0.0",
        "diff": "^5.0.0",
        "kleur": "^4.0.3",
        "sade": "^1.7.3"
      },
      "bin": {
        "uvu": "bin.js"
      },
      "engines": {
        "node": ">=8"
      }
    }
  }
}
